
Microsoft Visual Studio Solution File, Format Version 12.00
Project("{FAE04EC0-301F-11D3-BF4B-00C04F79EFBC}") = "ComidasTipicasAPI", "ComidasTipicasAPI.csproj", "{CCEF105F-6C40-4AB4-AC6A-BF560CC79734}"
EndProject
Global
	GlobalSection(SolutionConfigurationPlatforms) = preSolution
		Debug|Any CPU = Debug|Any CPU
		Release|Any CPU = Release|Any CPU
	EndGlobalSection
	GlobalSection(ProjectConfigurationPlatforms) = postSolution
		{CCEF105F-6C40-4AB4-AC6A-BF560CC79734}.Debug|Any CPU.ActiveCfg = Debug|Any CPU
		{CCEF105F-6C40-4AB4-AC6A-BF560CC79734}.Debug|Any CPU.Build.0 = Debug|Any CPU
		{CCEF105F-6C40-4AB4-AC6A-BF560CC79734}.Release|Any CPU.ActiveCfg = Release|Any CPU
		{CCEF105F-6C40-4AB4-AC6A-BF560CC79734}.Release|Any CPU.Build.0 = Release|Any CPU
	EndGlobalSection
EndGlobal
